{
  "name": "frontend",
  "lockfileVersion": 3,
  "requires": true,
  "packages": {
    "": {
      "dependencies": {
        "@tanstack/query-sync-storage-persister": "^5.74.6",
        "@tanstack/react-query-persist-client": "^5.74.6"
      }
    },
    "node_modules/@tanstack/query-core": {
      "version": "5.74.4",
      "resolved": "https://registry.npmjs.org/@tanstack/query-core/-/query-core-5.74.4.tgz",
      "integrity": "sha512-YuG0A0+3i9b2Gfo9fkmNnkUWh5+5cFhWBN0pJAHkHilTx6A0nv8kepkk4T4GRt4e5ahbtFj2eTtkiPcVU1xO4A==",
      "license": "MIT",
      "funding": {
        "type": "github",
        "url": "https://github.com/sponsors/tannerlinsley"
      }
    },
    "node_modules/@tanstack/query-persist-client-core": {
      "version": "5.74.6",
      "resolved": "https://registry.npmjs.org/@tanstack/query-persist-client-core/-/query-persist-client-core-5.74.6.tgz",
      "integrity": "sha512-9OJ4tz4evC53tS4NfxaohctFjE9/sqvK4U5HlUBsBcQRI/fn+75lIpD9RcLIbUPcx78hPC35NSUKD7OX6YNw4Q==",
      "license": "MIT",
      "dependencies": {
        "@tanstack/query-core": "5.74.4"
      },
      "funding": {
        "type": "github",
        "url": "https://github.com/sponsors/tannerlinsley"
      }
    },
    "node_modules/@tanstack/query-sync-storage-persister": {
      "version": "5.74.6",
      "resolved": "https://registry.npmjs.org/@tanstack/query-sync-storage-persister/-/query-sync-storage-persister-5.74.6.tgz",
      "integrity": "sha512-zMB14UUlEeACKu9GTSYLr2tgFIXZj+x0JbMlVHmmw8OnalrRTWc3TKSgHcPW3f6kPbilI0hU0fo8AnFdvAJUFw==",
      "license": "MIT",
      "dependencies": {
        "@tanstack/query-core": "5.74.4",
        "@tanstack/query-persist-client-core": "5.74.6"
      },
      "funding": {
        "type": "github",
        "url": "https://github.com/sponsors/tannerlinsley"
      }
    },
    "node_modules/@tanstack/react-query-persist-client": {
      "version": "5.74.6",
      "resolved": "https://registry.npmjs.org/@tanstack/react-query-persist-client/-/react-query-persist-client-5.74.6.tgz",
      "integrity": "sha512-gGJ+4IKIRWC9JeChBOvGgZj1lQcP3bAT8Kofv1Csx4CbqkyhbALlUkpiUXYyVpeS60acXS6NRAajlfzRtfsE+Q==",
      "license": "MIT",
      "dependencies": {
        "@tanstack/query-persist-client-core": "5.74.6"
      },
      "funding": {
        "type": "github",
        "url": "https://github.com/sponsors/tannerlinsley"
      },
      "peerDependencies": {
        "@tanstack/react-query": "^5.74.4",
        "react": "^18 || ^19"
      }
    }
  }
}
